{
  "name": "linear-axi",
  "version": "0.2.0",
  "lockfileVersion": 3,
  "requires": true,
  "packages": {
    "": {
      "name": "linear-axi",
      "version": "0.2.0",
      "license": "MIT",
      "dependencies": {
        "@linear/sdk": "88.0.0",
        "@toon-format/toon": "2.3.0",
        "effect": "4.0.0-beta.94"
      },
      "bin": {
        "linear-axi": "src/main.ts"
      },
      "devDependencies": {
        "@effect/tsgo": "0.16.3",
        "@types/bun": "1.3.14",
        "typescript": "5.9.3"
      },
      "engines": {
        "bun": ">=1.2.0"
      }
    },
    "node_modules/@effect/tsgo": {
      "version": "0.16.3",
      "resolved": "https://registry.npmjs.org/@effect/tsgo/-/tsgo-0.16.3.tgz",
      "integrity": "sha512-tCmYzU9E6VPXSNKTrMNPkmLWG6UYWkNcfWLNt5qW+HuP7RNWnprbXuHdhTM5nwAyL8nA137g8X6+0rPzaBJX+g==",
      "dev": true,
      "license": "MIT",
      "bin": {
        "effect-tsgo": "dist/effect-tsgo.js"
      },
      "optionalDependencies": {
        "@effect/tsgo-darwin-arm64": "0.16.3",
        "@effect/tsgo-darwin-x64": "0.16.3",
        "@effect/tsgo-linux-arm": "0.16.3",
        "@effect/tsgo-linux-arm64": "0.16.3",
        "@effect/tsgo-linux-x64": "0.16.3",
        "@effect/tsgo-win32-arm64": "0.16.3",
        "@effect/tsgo-win32-x64": "0.16.3"
      }
    },
    "node_modules/@effect/tsgo-darwin-arm64": {
      "version": "0.16.3",
      "resolved": "https://registry.npmjs.org/@effect/tsgo-darwin-arm64/-/tsgo-darwin-arm64-0.16.3.tgz",
      "integrity": "sha512-k3f8LzSDzPMGveMuChvWjlOxgfCsr+b/Lzo8NkUqIiIyDM2Rmi3vSGk8xgSxLzqoS/Z5dl9Y4CS6LGZlEr6Ssg==",
      "cpu": [
        "arm64"
      ],
      "dev": true,
      "license": "MIT",
      "optional": true,
      "os": [
        "darwin"
      ]
    },
    "node_modules/@effect/tsgo-darwin-x64": {
      "version": "0.16.3",
      "resolved": "https://registry.npmjs.org/@effect/tsgo-darwin-x64/-/tsgo-darwin-x64-0.16.3.tgz",
      "integrity": "sha512-fbqrNoDSRGolimV2aU0Ix/qsj/RADTyTUTWtucPJCzKt/zT6VAZkcGJYwGVshvacdektxBHMB7Cy0YZIh5s9ng==",
      "cpu": [
        "x64"
      ],
      "dev": true,
      "license": "MIT",
      "optional": true,
      "os": [
        "darwin"
      ]
    },
    "node_modules/@effect/tsgo-linux-arm": {
      "version": "0.16.3",
      "resolved": "https://registry.npmjs.org/@effect/tsgo-linux-arm/-/tsgo-linux-arm-0.16.3.tgz",
      "integrity": "sha512-uTROMiIX33USQjB6qLYSxZfCmEwpD5vG9PfQk61e/ehCbfLDNI3XcaGgzuc2UeATyphpbpCa+kqgceumsxCZRg==",
      "cpu": [
        "arm"
      ],
      "dev": true,
      "license": "MIT",
      "optional": true,
      "os": [
        "linux"
      ]
    },
    "node_modules/@effect/tsgo-linux-arm64": {
      "version": "0.16.3",
      "resolved": "https://registry.npmjs.org/@effect/tsgo-linux-arm64/-/tsgo-linux-arm64-0.16.3.tgz",
      "integrity": "sha512-GbtT278MB84GorsGar3yv8EdjEJIqEPmYr0kKsr8J0rTx3pL0MA0NDN2CcOcC4Ijxjo6f0tdmNIBuTclz37XGQ==",
      "cpu": [
        "arm64"
      ],
      "dev": true,
      "license": "MIT",
      "optional": true,
      "os": [
        "linux"
      ]
    },
    "node_modules/@effect/tsgo-linux-x64": {
      "version": "0.16.3",
      "resolved": "https://registry.npmjs.org/@effect/tsgo-linux-x64/-/tsgo-linux-x64-0.16.3.tgz",
      "integrity": "sha512-IsGBQVY8CPynmtCpFH6WcydNN7rMtFi4eWn6npZnYnzGYUHXiES0G/w8V1QKC+7uvxmLfLsivxD3E9sAOmDDGA==",
      "cpu": [
        "x64"
      ],
      "dev": true,
      "license": "MIT",
      "optional": true,
      "os": [
        "linux"
      ]
    },
    "node_modules/@effect/tsgo-win32-arm64": {
      "version": "0.16.3",
      "resolved": "https://registry.npmjs.org/@effect/tsgo-win32-arm64/-/tsgo-win32-arm64-0.16.3.tgz",
      "integrity": "sha512-YrNgXA/zmv65VfNPSDiKDOSd6INy8sAtpoX+uVN315ssEqcbHUmnuUcAFDSf2I7bjmU52Jg975M7M+AK2YMrVA==",
      "cpu": [
        "arm64"
      ],
      "dev": true,
      "license": "MIT",
      "optional": true,
      "os": [
        "win32"
      ]
    },
    "node_modules/@effect/tsgo-win32-x64": {
      "version": "0.16.3",
      "resolved": "https://registry.npmjs.org/@effect/tsgo-win32-x64/-/tsgo-win32-x64-0.16.3.tgz",
      "integrity": "sha512-UvNmGT3Dt0mfJ372SHZbRKM07q286iKpX9VeF1qI1HM6+gaONwfysmewYLv14HXRsJEN089OPe9xJee/Saxbhw==",
      "cpu": [
        "x64"
      ],
      "dev": true,
      "license": "MIT",
      "optional": true,
      "os": [
        "win32"
      ]
    },
    "node_modules/@graphql-typed-document-node/core": {
      "version": "3.2.0",
      "resolved": "https://registry.npmjs.org/@graphql-typed-document-node/core/-/core-3.2.0.tgz",
      "integrity": "sha512-mB9oAsNCm9aM3/SOv4YtBMqZbYj10R7dkq8byBqxGY/ncFwhf2oQzMV+LCRlWoDSEBJ3COiR1yeDvMtsoOsuFQ==",
      "license": "MIT",
      "peerDependencies": {
        "graphql": "^0.8.0 || ^0.9.0 || ^0.10.0 || ^0.11.0 || ^0.12.0 || ^0.13.0 || ^14.0.0 || ^15.0.0 || ^16.0.0 || ^17.0.0"
      }
    },
    "node_modules/@linear/sdk": {
      "version": "88.0.0",
      "resolved": "https://registry.npmjs.org/@linear/sdk/-/sdk-88.0.0.tgz",
      "integrity": "sha512-5m3bqEU7MmQwE+BUB8Z0UENnIiyqM0g4Tv0M7wm35qFAj3zCdvbX95102YcfkvwlRiH0etbKRD05JKQvzOgPpg==",
      "license": "MIT",
      "dependencies": {
        "@graphql-typed-document-node/core": "^3.2.0"
      },
      "engines": {
        "node": ">=18.x"
      }
    },
    "node_modules/@msgpackr-extract/msgpackr-extract-darwin-arm64": {
      "version": "3.0.4",
      "resolved": "https://registry.npmjs.org/@msgpackr-extract/msgpackr-extract-darwin-arm64/-/msgpackr-extract-darwin-arm64-3.0.4.tgz",
      "integrity": "sha512-LCkGo6JDfaBhgST7UpPWgNgLINpcpabaHfyz5OBx75nUYxBsaEPxjnyNjWpeb/xBup/682QnBfRBy2/LvPutZQ==",
      "cpu": [
        "arm64"
      ],
      "license": "MIT",
      "optional": true,
      "os": [
        "darwin"
      ]
    },
    "node_modules/@msgpackr-extract/msgpackr-extract-darwin-x64": {
      "version": "3.0.4",
      "resolved": "https://registry.npmjs.org/@msgpackr-extract/msgpackr-extract-darwin-x64/-/msgpackr-extract-darwin-x64-3.0.4.tgz",
      "integrity": "sha512-zExlW9zUJKZH/tOtVMttwjKa4Xm/3KcNjnE3dPN92uCktwavMxpgCA3MoJK/DOnTWsQgo224OaST27/mPNAf+w==",
      "cpu": [
        "x64"
      ],
      "license": "MIT",
      "optional": true,
      "os": [
        "darwin"
      ]
    },
    "node_modules/@msgpackr-extract/msgpackr-extract-linux-arm": {
      "version": "3.0.4",
      "resolved": "https://registry.npmjs.org/@msgpackr-extract/msgpackr-extract-linux-arm/-/msgpackr-extract-linux-arm-3.0.4.tgz",
      "integrity": "sha512-Tg3yX65f5GbtXLkrYEHE5oibZG9epyYWas7FogTTEJeDEF9JlXJzKgXaNhT3UXlTOeA+AfZpYZYZ0uPj7Cfquw==",
      "cpu": [
        "arm"
      ],
      "license": "MIT",
      "optional": true,
      "os": [
        "linux"
      ]
    },
    "node_modules/@msgpackr-extract/msgpackr-extract-linux-arm64": {
      "version": "3.0.4",
      "resolved": "https://registry.npmjs.org/@msgpackr-extract/msgpackr-extract-linux-arm64/-/msgpackr-extract-linux-arm64-3.0.4.tgz",
      "integrity": "sha512-dgX0P/9wGPJeHFBG+ZmhgE6bmtMt7NP5CRBGyyktpopdk/mW4POnrpQsSLtKI1dwpc+pPLuXHDh6vvskyQE/sw==",
      "cpu": [
        "arm64"
      ],
      "license": "MIT",
      "optional": true,
      "os": [
        "linux"
      ]
    },
    "node_modules/@msgpackr-extract/msgpackr-extract-linux-x64": {
      "version": "3.0.4",
      "resolved": "https://registry.npmjs.org/@msgpackr-extract/msgpackr-extract-linux-x64/-/msgpackr-extract-linux-x64-3.0.4.tgz",
      "integrity": "sha512-8TNXMEjJc3QEy7R/x1INhgiU+XakDAFUzBhaz7+Rbrs8NH5UQeHQxxmzsSBJGyV6I1jW79undiQm8tOI+D+8FQ==",
      "cpu": [
        "x64"
      ],
      "license": "MIT",
      "optional": true,
      "os": [
        "linux"
      ]
    },
    "node_modules/@msgpackr-extract/msgpackr-extract-win32-x64": {
      "version": "3.0.4",
      "resolved": "https://registry.npmjs.org/@msgpackr-extract/msgpackr-extract-win32-x64/-/msgpackr-extract-win32-x64-3.0.4.tgz",
      "integrity": "sha512-CmCXPQrkbwExx3j946/PtHWHbYJiCRBRDl4BlkRQcJB/YOwQxJRTpoo7aTsortjgoJ1x7opzTSxn7C+ASSLVjQ==",
      "cpu": [
        "x64"
      ],
      "license": "MIT",
      "optional": true,
      "os": [
        "win32"
      ]
    },
    "node_modules/@standard-schema/spec": {
      "version": "1.1.0",
      "resolved": "https://registry.npmjs.org/@standard-schema/spec/-/spec-1.1.0.tgz",
      "integrity": "sha512-l2aFy5jALhniG5HgqrD6jXLi/rUWrKvqN/qJx6yoJsgKhblVd+iqqU4RCXavm/jPityDo5TCvKMnpjKnOriy0w==",
      "license": "MIT"
    },
    "node_modules/@toon-format/toon": {
      "version": "2.3.0",
      "resolved": "https://registry.npmjs.org/@toon-format/toon/-/toon-2.3.0.tgz",
      "integrity": "sha512-/Ew9etdRQKVMnm9fDaCG0JjyAOK/O7T0M97oum1aW4W+UR8ZhVVPBanIV7oWgHBiGlnVxV9M55PWQCHofDV07w==",
      "license": "MIT"
    },
    "node_modules/@types/bun": {
      "version": "1.3.14",
      "resolved": "https://registry.npmjs.org/@types/bun/-/bun-1.3.14.tgz",
      "integrity": "sha512-h1hFqFVcvAvD9j9K7ZW7vd82aSA+rTdznZa+5bwvCwqSB1jmmfLcbIWhOLx1/+boy/xmjgCs/OMUL8hRJSmnPw==",
      "dev": true,
      "license": "MIT",
      "dependencies": {
        "bun-types": "1.3.14"
      }
    },
    "node_modules/@types/node": {
      "version": "26.1.1",
      "resolved": "https://registry.npmjs.org/@types/node/-/node-26.1.1.tgz",
      "integrity": "sha512-nxAkRSVkN1Y0JC1W8ky/fTfkGsMmcrRsbx+3XoZE+rMOX71kLYTV7fLXpqud1GpbpP5TuffXFqfX7fH2GgZREw==",
      "dev": true,
      "license": "MIT",
      "dependencies": {
        "undici-types": "~8.3.0"
      }
    },
    "node_modules/bun-types": {
      "version": "1.3.14",
      "resolved": "https://registry.npmjs.org/bun-types/-/bun-types-1.3.14.tgz",
      "integrity": "sha512-4N0ig0fEomHt5R0KCFWjovxow98rIoRwKolrYdCcknNwMekCXRnWEUvgu5soYV8QXtVsrUD8B95MBOZGPvr6KQ==",
      "dev": true,
      "license": "MIT",
      "dependencies": {
        "@types/node": "*"
      }
    },
    "node_modules/detect-libc": {
      "version": "2.1.2",
      "resolved": "https://registry.npmjs.org/detect-libc/-/detect-libc-2.1.2.tgz",
      "integrity": "sha512-Btj2BOOO83o3WyH59e8MgXsxEQVcarkUOpEYrubB0urwnN10yQ364rsiByU11nZlqWYZm05i/of7io4mzihBtQ==",
      "license": "Apache-2.0",
      "optional": true,
      "engines": {
        "node": ">=8"
      }
    },
    "node_modules/effect": {
      "version": "4.0.0-beta.94",
      "resolved": "https://registry.npmjs.org/effect/-/effect-4.0.0-beta.94.tgz",
      "integrity": "sha512-Q8BrCNbp/3Uh+7xQYHphZBkNfm2SJnl1frQ+8yWfd/j3SU3cL13D38cBMLcnULupwza2Nt4DrjZoMzHWL3CoxQ==",
      "license": "MIT",
      "dependencies": {
        "@standard-schema/spec": "^1.1.0",
        "fast-check": "^4.8.0",
        "find-my-way-ts": "^0.1.6",
        "ini": "^7.0.0",
        "kubernetes-types": "^1.30.0",
        "msgpackr": "^2.0.1",
        "multipasta": "^0.2.7",
        "toml": "^4.1.1",
        "uuid": "^14.0.0",
        "yaml": "^2.9.0"
      }
    },
    "node_modules/fast-check": {
      "version": "4.9.0",
      "resolved": "https://registry.npmjs.org/fast-check/-/fast-check-4.9.0.tgz",
      "integrity": "sha512-7ms6T7SybUev/PQITciI0yLM2pOSFy5zpG8Ty7tQofcVaQUvrMXp6CBwqF6fThLCLOrfBtuHAtwq6Yu4XPCllg==",
      "funding": [
        {
          "type": "individual",
          "url": "https://github.com/sponsors/dubzzz"
        },
        {
          "type": "opencollective",
          "url": "https://opencollective.com/fast-check"
        }
      ],
      "license": "MIT",
      "dependencies": {
        "pure-rand": "^8.0.0"
      },
      "engines": {
        "node": ">=12.17.0"
      }
    },
    "node_modules/find-my-way-ts": {
      "version": "0.1.6",
      "resolved": "https://registry.npmjs.org/find-my-way-ts/-/find-my-way-ts-0.1.6.tgz",
      "integrity": "sha512-a85L9ZoXtNAey3Y6Z+eBWW658kO/MwR7zIafkIUPUMf3isZG0NCs2pjW2wtjxAKuJPxMAsHUIP4ZPGv0o5gyTA==",
      "license": "MIT"
    },
    "node_modules/graphql": {
      "version": "17.0.2",
      "resolved": "https://registry.npmjs.org/graphql/-/graphql-17.0.2.tgz",
      "integrity": "sha512-FRWbddMxfkjiB7z+aQDWIR+E34xo9I8c9mtK2RPv8PmMzKRvrdsreHL/Ui/TmwHJfhHChEtsFPyMHKI+xuarQQ==",
      "license": "MIT",
      "peer": true,
      "engines": {
        "node": "^22.0.0 || ^24.0.0 || ^25.0.0 || >=26.0.0"
      }
    },
    "node_modules/ini": {
      "version": "7.0.0",
      "resolved": "https://registry.npmjs.org/ini/-/ini-7.0.0.tgz",
      "integrity": "sha512-ifK0CgjALofS5bkrcTy4RaQ9Vx2Knf/eLeIO+NaswQEpH1UblrtTSCIvN71qQDMq0PeQ/SSPojvEJp9vvvfr+w==",
      "license": "ISC",
      "engines": {
        "node": "^22.22.2 || ^24.15.0 || >=26.0.0"
      }
    },
    "node_modules/kubernetes-types": {
      "version": "1.30.0",
      "resolved": "https://registry.npmjs.org/kubernetes-types/-/kubernetes-types-1.30.0.tgz",
      "integrity": "sha512-Dew1okvhM/SQcIa2rcgujNndZwU8VnSapDgdxlYoB84ZlpAD43U6KLAFqYo17ykSFGHNPrg0qry0bP+GJd9v7Q==",
      "license": "Apache-2.0"
    },
    "node_modules/msgpackr": {
      "version": "2.0.4",
      "resolved": "https://registry.npmjs.org/msgpackr/-/msgpackr-2.0.4.tgz",
      "integrity": "sha512-o1C5KRmuRt+apqMr1HuGSqWStZoRBUpEsCsl15uM9VdAF1qHLtvMOU2En747EnTyEl6c4pzPewRMFF31s1CNbA==",
      "license": "MIT",
      "optionalDependencies": {
        "msgpackr-extract": "^3.0.4"
      }
    },
    "node_modules/msgpackr-extract": {
      "version": "3.0.4",
      "resolved": "https://registry.npmjs.org/msgpackr-extract/-/msgpackr-extract-3.0.4.tgz",
      "integrity": "sha512-4kmO/MdyUIkLIvTPr8VHLil4AtoKIoniWPIEk5+CDy0xnWC84azhSFmuJ7PxZdsYtiP5kEeQsORAVIeMgxT+Hw==",
      "hasInstallScript": true,
      "license": "MIT",
      "optional": true,
      "dependencies": {
        "node-gyp-build-optional-packages": "5.2.2"
      },
      "bin": {
        "download-msgpackr-prebuilds": "bin/download-prebuilds.js"
      },
      "optionalDependencies": {
        "@msgpackr-extract/msgpackr-extract-darwin-arm64": "3.0.4",
        "@msgpackr-extract/msgpackr-extract-darwin-x64": "3.0.4",
        "@msgpackr-extract/msgpackr-extract-linux-arm": "3.0.4",
        "@msgpackr-extract/msgpackr-extract-linux-arm64": "3.0.4",
        "@msgpackr-extract/msgpackr-extract-linux-x64": "3.0.4",
        "@msgpackr-extract/msgpackr-extract-win32-x64": "3.0.4"
      }
    },
    "node_modules/multipasta": {
      "version": "0.2.8",
      "resolved": "https://registry.npmjs.org/multipasta/-/multipasta-0.2.8.tgz",
      "integrity": "sha512-ZPWuMKyv0cSO29f7hozp+k6+crZbQijV8ipMvxNxRf2SwtYGTX1ZX89Kd20VV4H9Znonx+EQn+iy1wGQsJ+b+Q==",
      "license": "MIT"
    },
    "node_modules/node-gyp-build-optional-packages": {
      "version": "5.2.2",
      "resolved": "https://registry.npmjs.org/node-gyp-build-optional-packages/-/node-gyp-build-optional-packages-5.2.2.tgz",
      "integrity": "sha512-s+w+rBWnpTMwSFbaE0UXsRlg7hU4FjekKU4eyAih5T8nJuNZT1nNsskXpxmeqSK9UzkBl6UgRlnKc8hz8IEqOw==",
      "license": "MIT",
      "optional": true,
      "dependencies": {
        "detect-libc": "^2.0.1"
      },
      "bin": {
        "node-gyp-build-optional-packages": "bin.js",
        "node-gyp-build-optional-packages-optional": "optional.js",
        "node-gyp-build-optional-packages-test": "build-test.js"
      }
    },
    "node_modules/pure-rand": {
      "version": "8.4.2",
      "resolved": "https://registry.npmjs.org/pure-rand/-/pure-rand-8.4.2.tgz",
      "integrity": "sha512-vvuOGgcuPJAirlHvuQw1TrOiw7ptaIXXmIbNuiNOY6lNGJJH49PQ1Kj4nd783nPdQhQdicgOjVI2yI/9BD6/Ng==",
      "funding": [
        {
          "type": "individual",
          "url": "https://github.com/sponsors/dubzzz"
        },
        {
          "type": "opencollective",
          "url": "https://opencollective.com/fast-check"
        }
      ],
      "license": "MIT"
    },
    "node_modules/toml": {
      "version": "4.1.2",
      "resolved": "https://registry.npmjs.org/toml/-/toml-4.1.2.tgz",
      "integrity": "sha512-m0vXfHODcw3gk+KONAOlVQ5yNHc3yS3B1ybM3HS1vqDoS0RWTDDVBVVTYi8hH0k+2OM1vmo9fb1WX9EVqjqfHA==",
      "license": "MIT",
      "engines": {
        "node": ">=20"
      }
    },
    "node_modules/typescript": {
      "version": "5.9.3",
      "resolved": "https://registry.npmjs.org/typescript/-/typescript-5.9.3.tgz",
      "integrity": "sha512-jl1vZzPDinLr9eUt3J/t7V6FgNEw9QjvBPdysz9KfQDD41fQrC2Y4vKQdiaUpFT4bXlb1RHhLpp8wtm6M5TgSw==",
      "dev": true,
      "license": "Apache-2.0",
      "bin": {
        "tsc": "bin/tsc",
        "tsserver": "bin/tsserver"
      },
      "engines": {
        "node": ">=14.17"
      }
    },
    "node_modules/undici-types": {
      "version": "8.3.0",
      "resolved": "https://registry.npmjs.org/undici-types/-/undici-types-8.3.0.tgz",
      "integrity": "sha512-j375ScV60dom+YkPFIfTLcOiPxkN/buHz5GobjLhixFuANaNs3C9l4GmrWqejgXWJ7BbJcFYpTEUkS1Ge8bpZQ==",
      "dev": true,
      "license": "MIT"
    },
    "node_modules/uuid": {
      "version": "14.0.1",
      "resolved": "https://registry.npmjs.org/uuid/-/uuid-14.0.1.tgz",
      "integrity": "sha512-6ZxzVpzDXDa3bJWaHilVayA+BH/1zmxCJoVgvmqJnid/gPoKHxUrS/aC/T6LGQtNHT+XHG9fXPJB4d+IrU30Ew==",
      "funding": [
        "https://github.com/sponsors/broofa",
        "https://github.com/sponsors/ctavan"
      ],
      "license": "MIT",
      "bin": {
        "uuid": "dist-node/bin/uuid"
      }
    },
    "node_modules/yaml": {
      "version": "2.9.0",
      "resolved": "https://registry.npmjs.org/yaml/-/yaml-2.9.0.tgz",
      "integrity": "sha512-2AvhNX3mb8zd6Zy7INTtSpl1F15HW6Wnqj0srWlkKLcpYl/gMIMJiyuGq2KeI2YFxUPjdlB+3Lc10seMLtL4cA==",
      "license": "ISC",
      "bin": {
        "yaml": "bin.mjs"
      },
      "engines": {
        "node": ">= 14.6"
      },
      "funding": {
        "url": "https://github.com/sponsors/eemeli"
      }
    }
  }
}
